# This file is @generated by PDM.
# It is not intended for manual editing.

[[package]]
name = "attrs"
version = "22.1.0"
requires_python = ">=3.5"
summary = "Classes Without Boilerplate"

[[package]]
name = "colorama"
version = "0.4.6"
requires_python = "!=3.0.*,!=3.1.*,!=3.2.*,!=3.3.*,!=3.4.*,!=3.5.*,!=3.6.*,>=2.7"
summary = "Cross-platform colored terminal text."

[[package]]
name = "coverage"
version = "6.5.0"
requires_python = ">=3.7"
summary = "Code coverage measurement for Python"

[[package]]
name = "coverage"
version = "6.5.0"
extras = ["toml"]
requires_python = ">=3.7"
summary = "Code coverage measurement for Python"
dependencies = [
    "coverage==6.5.0",
    "tomli; python_full_version <= \"3.11.0a6\"",
]

[[package]]
name = "exceptiongroup"
version = "1.0.4"
requires_python = ">=3.7"
summary = "Backport of PEP 654 (exception groups)"

[[package]]
name = "iniconfig"
version = "1.1.1"
summary = "iniconfig: brain-dead simple config-ini parsing"

[[package]]
name = "lark"
version = "1.1.5"
summary = "a modern parsing library"

[[package]]
name = "mako"
version = "1.2.4"
requires_python = ">=3.7"
summary = "A super-fast templating language that borrows the best ideas from the existing templating languages."
dependencies = [
    "MarkupSafe>=0.9.2",
]

[[package]]
name = "markupsafe"
version = "2.1.1"
requires_python = ">=3.7"
summary = "Safely add untrusted strings to HTML/XML markup."

[[package]]
name = "mypy"
version = "1.1.1"
requires_python = ">=3.7"
summary = "Optional static typing for Python"
dependencies = [
    "mypy-extensions>=1.0.0",
    "tomli>=1.1.0; python_version < \"3.11\"",
    "typing-extensions>=3.10",
]

[[package]]
name = "mypy-extensions"
version = "1.0.0"
requires_python = ">=3.5"
summary = "Type system extensions for programs checked with the mypy type checker."

[[package]]
name = "packaging"
version = "22.0"
requires_python = ">=3.7"
summary = "Core utilities for Python packages"

[[package]]
name = "pluggy"
version = "1.0.0"
requires_python = ">=3.6"
summary = "plugin and hook calling mechanisms for python"

[[package]]
name = "py-cpuinfo"
version = "9.0.0"
summary = "Get CPU info with pure Python"

[[package]]
name = "pytest"
version = "7.2.2"
requires_python = ">=3.7"
summary = "pytest: simple powerful testing with Python"
dependencies = [
    "attrs>=19.2.0",
    "colorama; sys_platform == \"win32\"",
    "exceptiongroup>=1.0.0rc8; python_version < \"3.11\"",
    "iniconfig",
    "packaging",
    "pluggy<2.0,>=0.12",
    "tomli>=1.0.0; python_version < \"3.11\"",
]

[[package]]
name = "pytest-benchmark"
version = "4.0.0"
requires_python = ">=3.7"
summary = "A ``pytest`` fixture for benchmarking code. It will group the tests into rounds that are calibrated to the chosen timer."
dependencies = [
    "py-cpuinfo",
    "pytest>=3.8",
]

[[package]]
name = "pytest-cov"
version = "4.0.0"
requires_python = ">=3.6"
summary = "Pytest plugin for measuring coverage."
dependencies = [
    "coverage[toml]>=5.2.1",
    "pytest>=4.6",
]

[[package]]
name = "stringcase"
version = "1.2.0"
summary = "String case converter."

[[package]]
name = "tomli"
version = "2.0.1"
requires_python = ">=3.7"
summary = "A lil' TOML parser"

[[package]]
name = "typing-extensions"
version = "4.4.0"
requires_python = ">=3.7"
summary = "Backported and Experimental Type Hints for Python 3.7+"

[metadata]
lock_version = "4.2"
groups = ["default", "dev"]
content_hash = "sha256:353efdc2b4d60e513d7e070ee272e1b2cd91db05f77b3865360ff2a304bd960d"

[metadata.files]
"attrs 22.1.0" = [
    {url = "https://files.pythonhosted.org/packages/1a/cb/c4ffeb41e7137b23755a45e1bfec9cbb76ecf51874c6f1d113984ecaa32c/attrs-22.1.0.tar.gz", hash = "sha256:29adc2665447e5191d0e7c568fde78b21f9672d344281d0c6e1ab085429b22b6"},
    {url = "https://files.pythonhosted.org/packages/f2/bc/d817287d1aa01878af07c19505fafd1165cd6a119e9d0821ca1d1c20312d/attrs-22.1.0-py2.py3-none-any.whl", hash = "sha256:86efa402f67bf2df34f51a335487cf46b1ec130d02b8d39fd248abfd30da551c"},
]
"colorama 0.4.6" = [
    {url = "https://files.pythonhosted.org/packages/d1/d6/3965ed04c63042e047cb6a3e6ed1a63a35087b6a609aa3a15ed8ac56c221/colorama-0.4.6-py2.py3-none-any.whl", hash = "sha256:4f1d9991f5acc0ca119f9d443620b77f9d6b33703e51011c16baf57afb285fc6"},
    {url = "https://files.pythonhosted.org/packages/d8/53/6f443c9a4a8358a93a6792e2acffb9d9d5cb0a5cfd8802644b7b1c9a02e4/colorama-0.4.6.tar.gz", hash = "sha256:08695f5cb7ed6e0531a20572697297273c47b8cae5a63ffc6d6ed5c201be6e44"},
]
"coverage 6.5.0" = [
    {url = "https://files.pythonhosted.org/packages/02/7a/a45f3958442d50b9a930a62f0dba9ee502521213ebd016203c2890ea212f/coverage-6.5.0-cp38-cp38-manylinux_2_5_i686.manylinux1_i686.manylinux_2_17_i686.manylinux2014_i686.whl", hash = "sha256:20c8ac5386253717e5ccc827caad43ed66fea0efe255727b1053a8154d952398"},
    {url = "https://files.pythonhosted.org/packages/05/63/a789b462075395d34f8152229dccf92b25ca73eac05b3f6cd75fa5017095/coverage-6.5.0-cp38-cp38-macosx_10_9_x86_64.whl", hash = "sha256:d900bb429fdfd7f511f868cedd03a6bbb142f3f9118c09b99ef8dc9bf9643c3c"},
    {url = "https://files.pythonhosted.org/packages/06/f1/5177428c35f331f118e964f727f79e3a3073a10271a644c8361d3cea8bfd/coverage-6.5.0-cp38-cp38-win_amd64.whl", hash = "sha256:7ccf362abd726b0410bf8911c31fbf97f09f8f1061f8c1cf03dfc4b6372848f6"},
    {url = "https://files.pythonhosted.org/packages/07/82/79fa21ceca9a9b091eb3c67e27eb648dade27b2c9e1eb23af47232a2a365/coverage-6.5.0-cp38-cp38-macosx_11_0_arm64.whl", hash = "sha256:2198ea6fc548de52adc826f62cb18554caedfb1d26548c1b7c88d8f7faa8f6ba"},
    {url = "https://files.pythonhosted.org/packages/0d/ef/8735875a8dc09e1c4e484a5436c8b4148731b70daccc6f203c50b05e7505/coverage-6.5.0-cp37-cp37m-manylinux_2_5_x86_64.manylinux1_x86_64.manylinux_2_17_x86_64.manylinux2014_x86_64.whl", hash = "sha256:027018943386e7b942fa832372ebc120155fd970837489896099f5cfa2890f79"},
    {url = "https://files.pythonhosted.org/packages/10/9e/68e384940179713640743a010ac7f7c813d1087c8730a9c0bdfa73bdffd7/coverage-6.5.0-cp310-cp310-musllinux_1_1_aarch64.whl", hash = "sha256:97117225cdd992a9c2a5515db1f66b59db634f59d0679ca1fa3fe8da32749cae"},
    {url = "https://files.pythonhosted.org/packages/11/9e/7afba355bdabc550b3b2669e3432e71aec87d79400372d7686c09aab0acf/coverage-6.5.0-cp310-cp310-win32.whl", hash = "sha256:5dbec3b9095749390c09ab7c89d314727f18800060d8d24e87f01fb9cfb40b32"},
    {url = "https://files.pythonhosted.org/packages/13/f3/c6025ba30f2ce21d20d5332c3819880fe8afdfc008c2e2f9c075c7b67543/coverage-6.5.0-cp310-cp310-manylinux_2_5_i686.manylinux1_i686.manylinux_2_17_i686.manylinux2014_i686.whl", hash = "sha256:83516205e254a0cb77d2d7bb3632ee019d93d9f4005de31dca0a8c3667d5bc04"},
    {url = "https://files.pythonhosted.org/packages/15/b0/3639d84ee8a900da0cf6450ab46e22517e4688b6cec0ba8ab6f8166103a2/coverage-6.5.0-cp310-cp310-manylinux_2_17_aarch64.manylinux2014_aarch64.whl", hash = "sha256:b4a5be1748d538a710f87542f22c2cad22f80545a847ad91ce45e77417293eb4"},
    {url = "https://files.pythonhosted.org/packages/18/95/27f80dcd8273171b781a19d109aeaed7f13d78ef6d1e2f7134a5826fd1b4/coverage-6.5.0-cp39-cp39-manylinux_2_17_aarch64.manylinux2014_aarch64.whl", hash = "sha256:b9023e237f4c02ff739581ef35969c3739445fb059b060ca51771e69101efffe"},
    {url = "https://files.pythonhosted.org/packages/2f/8b/ca3fe3cfbd66d63181f6e6a06b8b494bb327ba8222d2fa628b392b9ad08a/coverage-6.5.0-cp310-cp310-musllinux_1_1_i686.whl", hash = "sha256:a1170fa54185845505fbfa672f1c1ab175446c887cce8212c44149581cf2d466"},
    {url = "https://files.pythonhosted.org/packages/32/40/e2b1ffa42028365e3465d1340e7d390d096fc992dec2c80e4afed6361e83/coverage-6.5.0-cp37-cp37m-win32.whl", hash = "sha256:b5604380f3415ba69de87a289a2b56687faa4fe04dbee0754bfcae433489316b"},
    {url = "https://files.pythonhosted.org/packages/36/f3/5cbd79cf4cd059c80b59104aca33b8d05af4ad5bf5b1547645ecee716378/coverage-6.5.0-cp311-cp311-manylinux_2_17_aarch64.manylinux2014_aarch64.whl", hash = "sha256:c4ed2820d919351f4167e52425e096af41bfabacb1857186c1ea32ff9983ed75"},
    {url = "https://files.pythonhosted.org/packages/3c/7d/d5211ea782b193ab8064b06dc0cc042cf1a4ca9c93a530071459172c550f/coverage-6.5.0-cp310-cp310-manylinux_2_5_x86_64.manylinux1_x86_64.manylinux_2_17_x86_64.manylinux2014_x86_64.whl", hash = "sha256:af4fffaffc4067232253715065e30c5a7ec6faac36f8fc8d6f64263b15f74db0"},
    {url = "https://files.pythonhosted.org/packages/40/3b/cd68cb278c4966df00158811ec1e357b9a7d132790c240fc65da57e10013/coverage-6.5.0-cp38-cp38-manylinux_2_17_aarch64.manylinux2014_aarch64.whl", hash = "sha256:6c4459b3de97b75e3bd6b7d4b7f0db13f17f504f3d13e2a7c623786289dd670e"},
    {url = "https://files.pythonhosted.org/packages/4b/66/6e588f5dfc93ccedd06d6785c8143f17bb92b89247d50128d8789e9588d0/coverage-6.5.0-cp311-cp311-musllinux_1_1_x86_64.whl", hash = "sha256:cca4435eebea7962a52bdb216dec27215d0df64cf27fc1dd538415f5d2b9da6b"},
    {url = "https://files.pythonhosted.org/packages/50/cf/455930004231fa87efe8be06d13512f34e070ddfee8b8bf5a050cdc47ab3/coverage-6.5.0-cp311-cp311-macosx_10_9_x86_64.whl", hash = "sha256:4a5375e28c5191ac38cca59b38edd33ef4cc914732c916f2929029b4bfb50795"},
    {url = "https://files.pythonhosted.org/packages/58/2c/213861cec1d9f6451d29c0b1838769b558f6a8c6844b001f6e98c37c4b1b/coverage-6.5.0-cp39-cp39-musllinux_1_1_i686.whl", hash = "sha256:42eafe6778551cf006a7c43153af1211c3aaab658d4d66fa5fcc021613d02518"},
    {url = "https://files.pythonhosted.org/packages/5c/66/38d1870cb7cf62da49add1d6803fdbcdef632b2808b5c80bcac35b7634d8/coverage-6.5.0.tar.gz", hash = "sha256:f642e90754ee3e06b0e7e51bce3379590e76b7f76b708e1a71ff043f87025c84"},
    {url = "https://files.pythonhosted.org/packages/61/a6/af54588e2091693026df94b09106ee10dcbcdc8c9b2c3989149e6e44a324/coverage-6.5.0-cp37-cp37m-macosx_10_9_x86_64.whl", hash = "sha256:4433b90fae13f86fafff0b326453dd42fc9a639a0d9e4eec4d366436d1a41b6d"},
    {url = "https://files.pythonhosted.org/packages/63/e9/f23e8664ec4032d7802a1cf920853196bcbdce7b56408e3efe1b2da08f3c/coverage-6.5.0-cp39-cp39-macosx_11_0_arm64.whl", hash = "sha256:95203854f974e07af96358c0b261f1048d8e1083f2de9b1c565e1be4a3a48cfc"},
    {url = "https://files.pythonhosted.org/packages/64/7f/13f5d58f5ca41182d7020af5257c8fd08ddf33921d2a28cf66753571c278/coverage-6.5.0-cp37-cp37m-musllinux_1_1_x86_64.whl", hash = "sha256:12adf310e4aafddc58afdb04d686795f33f4d7a6fa67a7a9d4ce7d6ae24d949f"},
    {url = "https://files.pythonhosted.org/packages/6a/63/8e82513b7e4a1b8d887b4e85c1c2b6c9b754a581b187c0b084f3330ac479/coverage-6.5.0-cp311-cp311-manylinux_2_5_x86_64.manylinux1_x86_64.manylinux_2_17_x86_64.manylinux2014_x86_64.whl", hash = "sha256:a8fb6cf131ac4070c9c5a3e21de0f7dc5a0fbe8bc77c9456ced896c12fcdad91"},
    {url = "https://files.pythonhosted.org/packages/6b/ba/ef67c1e859b8ddd8cafb81199986ff702efcd4ee5d373670a0bc0a293d1f/coverage-6.5.0-cp37-cp37m-manylinux_2_5_i686.manylinux1_i686.manylinux_2_17_i686.manylinux2014_i686.whl", hash = "sha256:94e2565443291bd778421856bc975d351738963071e9b8839ca1fc08b42d4bef"},
    {url = "https://files.pythonhosted.org/packages/6b/f2/919f0fdc93d3991ca074894402074d847be8ac1e1d78e7e9e1c371b69a6f/coverage-6.5.0-cp39-cp39-manylinux_2_5_x86_64.manylinux1_x86_64.manylinux_2_17_x86_64.manylinux2014_x86_64.whl", hash = "sha256:8f830ed581b45b82451a40faabb89c84e1a998124ee4212d440e9c6cf70083e5"},
    {url = "https://files.pythonhosted.org/packages/6e/e6/b31a4b2aa9489da59b35ee0ea4259d6fe9b321a1eaa6492f19342d03d53b/coverage-6.5.0-pp36.pp37.pp38-none-any.whl", hash = "sha256:1431986dac3923c5945271f169f59c45b8802a114c8f548d611f2015133df77a"},
    {url = "https://files.pythonhosted.org/packages/76/44/78c1936c2bd9e7705f170d5e413ed34d9d6d7d0324757786627f88df1514/coverage-6.5.0-cp37-cp37m-musllinux_1_1_i686.whl", hash = "sha256:851cf4ff24062c6aec510a454b2584f6e998cada52d4cb58c5e233d07172e50c"},
    {url = "https://files.pythonhosted.org/packages/78/98/253ce0cfcc3b352d3072940940ed44a035614f2abe781477f77038d21d9f/coverage-6.5.0-cp311-cp311-musllinux_1_1_i686.whl", hash = "sha256:1ef221513e6f68b69ee9e159506d583d31aa3567e0ae84eaad9d6ec1107dddaa"},
    {url = "https://files.pythonhosted.org/packages/85/03/9dcc8b7e269cfeaf5519d433d841a7d78f283c5fb016385d4690e1aedfc1/coverage-6.5.0-cp37-cp37m-manylinux_2_17_aarch64.manylinux2014_aarch64.whl", hash = "sha256:f4f05d88d9a80ad3cac6244d36dd89a3c00abc16371769f1340101d3cb899fc3"},
    {url = "https://files.pythonhosted.org/packages/89/58/5ec19b43a6511288511f64fc4763d95af8403f5926e7e4556e6b29b03a26/coverage-6.5.0-cp311-cp311-manylinux_2_5_i686.manylinux1_i686.manylinux_2_17_i686.manylinux2014_i686.whl", hash = "sha256:33a7da4376d5977fbf0a8ed91c4dffaaa8dbf0ddbf4c8eea500a2486d8bc4d7b"},
    {url = "https://files.pythonhosted.org/packages/89/a2/cbf599e50bb4be416e0408c4cf523c354c51d7da39935461a9687e039481/coverage-6.5.0-cp310-cp310-macosx_11_0_arm64.whl", hash = "sha256:784f53ebc9f3fd0e2a3f6a78b2be1bd1f5575d7863e10c6e12504f240fd06660"},
    {url = "https://files.pythonhosted.org/packages/8f/17/e1d54e0e5a1e82dea1b1d9463dfe347ded58037beda00d326f943a9ef2d4/coverage-6.5.0-cp39-cp39-win32.whl", hash = "sha256:d9ecf0829c6a62b9b573c7bb6d4dcd6ba8b6f80be9ba4fc7ed50bf4ac9aecd72"},
    {url = "https://files.pythonhosted.org/packages/a1/6b/7efeeffc7559150a705931b2144b936042c561e63ef248f0e0d9f4523d74/coverage-6.5.0-cp38-cp38-musllinux_1_1_i686.whl", hash = "sha256:de3001a203182842a4630e7b8d1a2c7c07ec1b45d3084a83d5d227a3806f530f"},
    {url = "https://files.pythonhosted.org/packages/a3/a0/4c59586df0511b18f7b59593672a4baadacef8f393024052d59c6222477c/coverage-6.5.0-cp38-cp38-musllinux_1_1_aarch64.whl", hash = "sha256:dbdb91cd8c048c2b09eb17713b0c12a54fbd587d79adcebad543bc0cd9a3410b"},
    {url = "https://files.pythonhosted.org/packages/a8/d9/b367c52cb1297414ba967e38fe9b5338ee4700a2d1592fc78532dc9f882f/coverage-6.5.0-cp39-cp39-musllinux_1_1_aarch64.whl", hash = "sha256:7b6be138d61e458e18d8e6ddcddd36dd96215edfe5f1168de0b1b32635839b62"},
    {url = "https://files.pythonhosted.org/packages/ac/bc/c9d4fd6b3494d2cc1e26f4b98eb19206b92a59094617ad02d5689ac9d3c4/coverage-6.5.0-cp311-cp311-musllinux_1_1_aarch64.whl", hash = "sha256:a6b7d95969b8845250586f269e81e5dfdd8ff828ddeb8567a4a2eaa7313460c4"},
    {url = "https://files.pythonhosted.org/packages/ae/a3/f45cb5d32de0751863945d22083c15eb8854bb53681b2e792f2066c629b9/coverage-6.5.0-cp310-cp310-win_amd64.whl", hash = "sha256:59f53f1dc5b656cafb1badd0feb428c1e7bc19b867479ff72f7a9dd9b479f10e"},
    {url = "https://files.pythonhosted.org/packages/b6/08/a88a9f3a11bb2d97c7a6719535a984b009728433838fbc65766488867c80/coverage-6.5.0-cp39-cp39-win_amd64.whl", hash = "sha256:fc2af30ed0d5ae0b1abdb4ebdce598eafd5b35397d4d75deb341a614d333d987"},
    {url = "https://files.pythonhosted.org/packages/bd/a0/e263b115808226fdb2658f1887808c06ac3f1b579ef5dda02309e0d54459/coverage-6.5.0-cp38-cp38-manylinux_2_5_x86_64.manylinux1_x86_64.manylinux_2_17_x86_64.manylinux2014_x86_64.whl", hash = "sha256:6b07130585d54fe8dff3d97b93b0e20290de974dc8177c320aeaf23459219c0b"},
    {url = "https://files.pythonhosted.org/packages/c0/18/2a0a9b3c29376ce04ceb7ca2948559dad76409a2c9b3f664756581101e16/coverage-6.5.0-cp310-cp310-musllinux_1_1_x86_64.whl", hash = "sha256:11b990d520ea75e7ee8dcab5bc908072aaada194a794db9f6d7d5cfd19661e5a"},
    {url = "https://files.pythonhosted.org/packages/c4/8d/5ec7d08f4601d2d792563fe31db5e9322c306848fec1e65ec8885927f739/coverage-6.5.0-cp310-cp310-macosx_10_9_x86_64.whl", hash = "sha256:ef8674b0ee8cc11e2d574e3e2998aea5df5ab242e012286824ea3c6970580e53"},
    {url = "https://files.pythonhosted.org/packages/c8/e8/e712b61abf1282ce3ac9826473ab4b245a4319303cce2e4115a8de1435f2/coverage-6.5.0-cp39-cp39-musllinux_1_1_x86_64.whl", hash = "sha256:723e8130d4ecc8f56e9a611e73b31219595baa3bb252d539206f7bbbab6ffc1f"},
    {url = "https://files.pythonhosted.org/packages/cd/48/65d314e702b4a7095ea96da0a319a5a377e594354a4a6badde483832bb5a/coverage-6.5.0-cp37-cp37m-musllinux_1_1_aarch64.whl", hash = "sha256:255758a1e3b61db372ec2736c8e2a1fdfaf563977eedbdf131de003ca5779b7d"},
    {url = "https://files.pythonhosted.org/packages/d6/00/3e12af83af2a46c1fd27b78486f404736934d0288bda4975119611a01cb3/coverage-6.5.0-cp37-cp37m-win_amd64.whl", hash = "sha256:4a8dbc1f0fbb2ae3de73eb0bdbb914180c7abfbf258e90b311dcd4f585d44bd2"},
    {url = "https://files.pythonhosted.org/packages/d6/0f/012a7370aaf61123a222b34b657dedc63e03ce2af8d064ac5c5afe14f29c/coverage-6.5.0-cp39-cp39-manylinux_2_5_i686.manylinux1_i686.manylinux_2_17_i686.manylinux2014_i686.whl", hash = "sha256:265de0fa6778d07de30bcf4d9dc471c3dc4314a23a3c6603d356a3c9abc2dfcf"},
    {url = "https://files.pythonhosted.org/packages/e5/fb/11982f5faf2990d4d9159e01a12bbf0a7d7873893d4d2e2acec012ad69ae/coverage-6.5.0-cp38-cp38-musllinux_1_1_x86_64.whl", hash = "sha256:e07f4a4a9b41583d6eabec04f8b68076ab3cd44c20bd29332c6572dda36f372e"},
    {url = "https://files.pythonhosted.org/packages/e6/24/7fe8ededb4060dd8c3f1d86cb624fcb3452f66fbef5051ed7fab126c5c0c/coverage-6.5.0-cp311-cp311-win_amd64.whl", hash = "sha256:bc8ef5e043a2af066fa8cbfc6e708d58017024dc4345a1f9757b329a249f041b"},
    {url = "https://files.pythonhosted.org/packages/e9/f0/3be949bd129237553714149b1909d34c94137ca4b86e036bc7060431da18/coverage-6.5.0-cp38-cp38-win32.whl", hash = "sha256:6d4817234349a80dbf03640cec6109cd90cba068330703fa65ddf56b60223a6d"},
    {url = "https://files.pythonhosted.org/packages/ea/52/c08080405329326a7ff16c0dfdb4feefaa8edd7446413df67386fe1bbfe0/coverage-6.5.0-cp39-cp39-macosx_10_9_x86_64.whl", hash = "sha256:633713d70ad6bfc49b34ead4060531658dc6dfc9b3eb7d8a716d5873377ab745"},
    {url = "https://files.pythonhosted.org/packages/ff/27/339089b558672f04e62d0cd2d49b9280270bad3bc95de24e7eb03deb4638/coverage-6.5.0-cp311-cp311-win32.whl", hash = "sha256:98e8a10b7a314f454d9eff4216a9a94d143a7ee65018dd12442e898ee2310578"},
]
"exceptiongroup 1.0.4" = [
    {url = "https://files.pythonhosted.org/packages/ce/2e/9a327cc0d2d674ee2d570ee30119755af772094edba86d721dda94404d1a/exceptiongroup-1.0.4-py3-none-any.whl", hash = "sha256:542adf9dea4055530d6e1279602fa5cb11dab2395fa650b8674eaec35fc4a828"},
    {url = "https://files.pythonhosted.org/packages/fa/e1/4f89a2608978a78876a76e69e82fa1fc5ce3fb346297eed2a51dd3df2dcf/exceptiongroup-1.0.4.tar.gz", hash = "sha256:bd14967b79cd9bdb54d97323216f8fdf533e278df937aa2a90089e7d6e06e5ec"},
]
"iniconfig 1.1.1" = [
    {url = "https://files.pythonhosted.org/packages/23/a2/97899f6bd0e873fed3a7e67ae8d3a08b21799430fb4da15cfedf10d6e2c2/iniconfig-1.1.1.tar.gz", hash = "sha256:bc3af051d7d14b2ee5ef9969666def0cd1a000e121eaea580d4a313df4b37f32"},
    {url = "https://files.pythonhosted.org/packages/9b/dd/b3c12c6d707058fa947864b67f0c4e0c39ef8610988d7baea9578f3c48f3/iniconfig-1.1.1-py2.py3-none-any.whl", hash = "sha256:011e24c64b7f47f6ebd835bb12a743f2fbe9a26d4cecaa7f53bc4f35ee9da8b3"},
]
"lark 1.1.5" = [
    {url = "https://files.pythonhosted.org/packages/a2/25/8e16de418fc83bb00dabaf8c7110bc45a90bf5481a70aa5f1668fcea73bc/lark-1.1.5.tar.gz", hash = "sha256:4b534eae1f9af5b4ea000bea95776350befe1981658eea3820a01c37e504bb4d"},
    {url = "https://files.pythonhosted.org/packages/ac/c7/25e678cb94ac2b7be741272d5b2ae099e32e23f36d820e6feb8931b12382/lark-1.1.5-py3-none-any.whl", hash = "sha256:8476f9903e93fbde4f6c327f74d79e9b4bd0ed9294c5dfa3164ab8c581b5de2a"},
]
"mako 1.2.4" = [
    {url = "https://files.pythonhosted.org/packages/03/3b/68690a035ba7347860f1b8c0cde853230ba69ff41df5884ea7d89fe68cd3/Mako-1.2.4-py3-none-any.whl", hash = "sha256:c97c79c018b9165ac9922ae4f32da095ffd3c4e6872b45eded42926deea46818"},
    {url = "https://files.pythonhosted.org/packages/05/5f/2ba6e026d33a0e6ddc1dddf9958677f76f5f80c236bd65309d280b166d3e/Mako-1.2.4.tar.gz", hash = "sha256:d60a3903dc3bb01a18ad6a89cdbe2e4eadc69c0bc8ef1e3773ba53d44c3f7a34"},
]
"markupsafe 2.1.1" = [
    {url = "https://files.pythonhosted.org/packages/06/7f/d5e46d7464360b6ac39c5b0b604770dba937e3d7cab485d2f3298454717b/MarkupSafe-2.1.1-cp39-cp39-macosx_10_9_universal2.whl", hash = "sha256:e04e26803c9c3851c931eac40c695602c6295b8d432cbe78609649ad9bd2da8a"},
    {url = "https://files.pythonhosted.org/packages/0f/53/b14de4ede9c2bd76d28e7911033b065ac42896f1cfb258d3ff65cf0332d2/MarkupSafe-2.1.1-cp39-cp39-musllinux_1_1_x86_64.whl", hash = "sha256:8e3dcf21f367459434c18e71b2a9532d96547aef8a871872a5bd69a715c15f96"},
    {url = "https://files.pythonhosted.org/packages/18/a6/913b1d80fe93f7c3aa79206544b98841616c3eaa7790f37bdfb9fc13311e/MarkupSafe-2.1.1-cp38-cp38-manylinux_2_17_aarch64.manylinux2014_aarch64.whl", hash = "sha256:8e576a51ad59e4bfaac456023a78f6b5e6e7651dcd383bcc3e18d06f9b55d6d1"},
    {url = "https://files.pythonhosted.org/packages/1b/b3/93411f10caaccc6fc9c53bbdae4f6d26997248ae574e2f0c90e912b67f73/MarkupSafe-2.1.1-cp37-cp37m-musllinux_1_1_aarch64.whl", hash = "sha256:d5ee4f386140395a2c818d149221149c54849dfcfcb9f1debfe07a8b8bd63f9a"},
    {url = "https://files.pythonhosted.org/packages/1d/97/2288fe498044284f39ab8950703e88abbac2abbdf65524d576157af70556/MarkupSafe-2.1.1.tar.gz", hash = "sha256:7f91197cc9e48f989d12e4e6fbc46495c446636dfc81b9ccf50bb0ec74b91d4b"},
    {url = "https://files.pythonhosted.org/packages/25/c4/a75659da6d6b03d2d8ef296b2a8bc73e8c5b1533ee31569a958a292f0929/MarkupSafe-2.1.1-cp39-cp39-win32.whl", hash = "sha256:d4306c36ca495956b6d568d276ac11fdd9c30a36f1b6eb928070dc5360b22e1c"},
    {url = "https://files.pythonhosted.org/packages/26/03/2c11ba1a8b2327adea3f59f1c9c9ee9c59e86023925f929e63c4f028b10a/MarkupSafe-2.1.1-cp39-cp39-macosx_10_9_x86_64.whl", hash = "sha256:b87db4360013327109564f0e591bd2a3b318547bcef31b468a92ee504d07ae4f"},
    {url = "https://files.pythonhosted.org/packages/2c/81/91062a81ac8a18f557f12e2618475b53878755c016c9914c8aa207155c4e/MarkupSafe-2.1.1-cp38-cp38-win_amd64.whl", hash = "sha256:fc7b548b17d238737688817ab67deebb30e8073c95749d55538ed473130ec0c7"},
    {url = "https://files.pythonhosted.org/packages/3a/fc/dccc18170917f2cc2a5b77aad97f5f27d992ef0f2b9fb9e334ee71bf5301/MarkupSafe-2.1.1-cp39-cp39-musllinux_1_1_aarch64.whl", hash = "sha256:33b74d289bd2f5e527beadcaa3f401e0df0a89927c1559c8566c066fa4248ab7"},
    {url = "https://files.pythonhosted.org/packages/3c/d3/c7ab031b14ae4e83214949acee957a8fcf6a992698edff039ee1e77eb4e1/MarkupSafe-2.1.1-cp38-cp38-macosx_10_9_x86_64.whl", hash = "sha256:0212a68688482dc52b2d45013df70d169f542b7394fc744c02a57374a4207003"},
    {url = "https://files.pythonhosted.org/packages/3d/4b/15e5b9d40c4b58e97ebcb8ed5845a215fa5b7cf49a7f1cc7908f8db9cf46/MarkupSafe-2.1.1-cp310-cp310-win_amd64.whl", hash = "sha256:dda30ba7e87fbbb7eab1ec9f58678558fd9a6b8b853530e176eabd064da81417"},
    {url = "https://files.pythonhosted.org/packages/3f/38/f422a81b41bdac48f1d19c45f6e203c04bc45d2c35505873fdecdddee1ec/MarkupSafe-2.1.1-cp37-cp37m-win_amd64.whl", hash = "sha256:97a68e6ada378df82bc9f16b800ab77cbf4b2fada0081794318520138c088e4a"},
    {url = "https://files.pythonhosted.org/packages/48/a9/cf226ea201542a724b113bac70dd0dfb72106da3621120c525c8eafadac2/MarkupSafe-2.1.1-cp37-cp37m-manylinux_2_17_aarch64.manylinux2014_aarch64.whl", hash = "sha256:3799351e2336dc91ea70b034983ee71cf2f9533cdff7c14c90ea126bfd95d65a"},
    {url = "https://files.pythonhosted.org/packages/5c/1a/ac3a2b2a4ef1196c15dd8a143fc28eddeb6e6871d6d1de64dc44ef7f59b6/MarkupSafe-2.1.1-cp310-cp310-musllinux_1_1_i686.whl", hash = "sha256:694deca8d702d5db21ec83983ce0bb4b26a578e71fbdbd4fdcd387daa90e4d5e"},
    {url = "https://files.pythonhosted.org/packages/5e/3d/0a7df21deca52e20de81f8a895ac29df68944588c0030be9aa1e6c07877c/MarkupSafe-2.1.1-cp310-cp310-win32.whl", hash = "sha256:4a33dea2b688b3190ee12bd7cfa29d39c9ed176bda40bfa11099a3ce5d3a7ac6"},
    {url = "https://files.pythonhosted.org/packages/68/b5/b3aafabe7e1f71aa64ffe32fd8c767fd7db1bb304d339d8df6f2fdd2543c/MarkupSafe-2.1.1-cp38-cp38-musllinux_1_1_i686.whl", hash = "sha256:089cf3dbf0cd6c100f02945abeb18484bd1ee57a079aefd52cffd17fba910b88"},
    {url = "https://files.pythonhosted.org/packages/69/60/08791e4a971ea976f0fd58fb916d76de7c962dc8e26430564258820ac21f/MarkupSafe-2.1.1-cp38-cp38-manylinux_2_5_i686.manylinux1_i686.manylinux_2_17_i686.manylinux2014_i686.whl", hash = "sha256:96e37a3dc86e80bf81758c152fe66dbf60ed5eca3d26305edf01892257049925"},
    {url = "https://files.pythonhosted.org/packages/6c/44/cd459988fe29cb82f0482fe6b6c47ec17ae700a500634edd876075d5e1ee/MarkupSafe-2.1.1-cp38-cp38-win32.whl", hash = "sha256:421be9fbf0ffe9ffd7a378aafebbf6f4602d564d34be190fc19a193232fd12b1"},
    {url = "https://files.pythonhosted.org/packages/71/dc/41cbfe0d9aefdf14226dbf4eccfd0079a0e297809a17c5b902c9a7a3cc9a/MarkupSafe-2.1.1-cp39-cp39-win_amd64.whl", hash = "sha256:46d00d6cfecdde84d40e572d63735ef81423ad31184100411e6e3388d405e247"},
    {url = "https://files.pythonhosted.org/packages/73/68/628f6dbbf5088723a2b939d97c0a2e059d0cc654ce92a6fac5c7959edaff/MarkupSafe-2.1.1-cp39-cp39-manylinux_2_5_i686.manylinux1_i686.manylinux_2_17_i686.manylinux2014_i686.whl", hash = "sha256:3ce11ee3f23f79dbd06fb3d63e2f6af7b12db1d46932fe7bd8afa259a5996603"},
    {url = "https://files.pythonhosted.org/packages/7f/d7/a0ee1e3a608ca2f80c66c43c699ab063b4b8979c51f8299229b1960f6860/MarkupSafe-2.1.1-cp37-cp37m-win32.whl", hash = "sha256:8dc1c72a69aa7e082593c4a203dcf94ddb74bb5c8a731e4e1eb68d031e8498ff"},
    {url = "https://files.pythonhosted.org/packages/82/3d/523e40c45dc1f53b35e60c6e8563dec523f7b6c113f823d5e123dd431631/MarkupSafe-2.1.1-cp39-cp39-manylinux_2_17_aarch64.manylinux2014_aarch64.whl", hash = "sha256:99a2a507ed3ac881b975a2976d59f38c19386d128e7a9a18b7df6fff1fd4c1d6"},
    {url = "https://files.pythonhosted.org/packages/87/31/ab37f60fde001c02ac115da6f66a2d934d37407f257ad8e15ed69093c7fb/MarkupSafe-2.1.1-cp37-cp37m-manylinux_2_5_i686.manylinux1_i686.manylinux_2_17_i686.manylinux2014_i686.whl", hash = "sha256:6fbf47b5d3728c6aea2abb0589b5d30459e369baa772e0f37a0320185e87c980"},
    {url = "https://files.pythonhosted.org/packages/8c/96/7e608e1a942232cb8c81ca24093e71e07e2bacbeb2dad62a0f82da28ed54/MarkupSafe-2.1.1-cp310-cp310-macosx_10_9_x86_64.whl", hash = "sha256:f121a1420d4e173a5d96e47e9a0c0dcff965afdf1626d28de1460815f7c4ee7a"},
    {url = "https://files.pythonhosted.org/packages/92/7c/3c33294e506eafa7f1c40dd283089a45652ea0f073fc0ce24419d46bfe4b/MarkupSafe-2.1.1-cp38-cp38-macosx_10_9_universal2.whl", hash = "sha256:e8c843bbcda3a2f1e3c2ab25913c80a3c5376cd00c6e8c4a86a89a28c8dc5452"},
    {url = "https://files.pythonhosted.org/packages/9e/82/2e089c6f34e77c073aa5a67040d368aac0dfb9b8ccbb46d381452c26fc33/MarkupSafe-2.1.1-cp310-cp310-manylinux_2_17_x86_64.manylinux2014_x86_64.whl", hash = "sha256:10c1bfff05d95783da83491be968e8fe789263689c02724e0c691933c52994f5"},
    {url = "https://files.pythonhosted.org/packages/9f/83/b221ce5a0224f409b9f02b0dc6cb0b921c46033f4870d64fa3e8a96af701/MarkupSafe-2.1.1-cp37-cp37m-manylinux_2_17_x86_64.manylinux2014_x86_64.whl", hash = "sha256:e72591e9ecd94d7feb70c1cbd7be7b3ebea3f548870aa91e2732960fa4d57a37"},
    {url = "https://files.pythonhosted.org/packages/a3/47/9dcc08eff8ab94f1e50f59f9cd322b710ef5db7e8590fdd8df924406fc9c/MarkupSafe-2.1.1-cp310-cp310-manylinux_2_5_i686.manylinux1_i686.manylinux_2_17_i686.manylinux2014_i686.whl", hash = "sha256:b7bd98b796e2b6553da7225aeb61f447f80a1ca64f41d83612e6139ca5213aa4"},
    {url = "https://files.pythonhosted.org/packages/ad/fa/292a72cddad41e3c06227b446a0af53ff642a40755fc5bd695f439c35ba8/MarkupSafe-2.1.1-cp310-cp310-musllinux_1_1_aarch64.whl", hash = "sha256:b09bf97215625a311f669476f44b8b318b075847b49316d3e28c08e41a7a573f"},
    {url = "https://files.pythonhosted.org/packages/ba/16/3627f852d8a846c0fc52ad1beac6e27894a8344cc2c26036db51acb82c3e/MarkupSafe-2.1.1-cp39-cp39-musllinux_1_1_i686.whl", hash = "sha256:43093fb83d8343aac0b1baa75516da6092f58f41200907ef92448ecab8825135"},
    {url = "https://files.pythonhosted.org/packages/ba/a9/6291d3fdaf0ecac5fbafe462258c5174f11fd752076ba05c2c022ee64f77/MarkupSafe-2.1.1-cp37-cp37m-musllinux_1_1_x86_64.whl", hash = "sha256:e1c0b87e09fa55a220f058d1d49d3fb8df88fbfab58558f1198e08c1e1de842a"},
    {url = "https://files.pythonhosted.org/packages/be/d8/5ab7f07d8f60155c4f12b4b2dca785355b8ee7e16b2d3f00c3830add5f10/MarkupSafe-2.1.1-cp38-cp38-musllinux_1_1_x86_64.whl", hash = "sha256:6a074d34ee7a5ce3effbc526b7083ec9731bb3cbf921bbe1d3005d4d2bdb3a63"},
    {url = "https://files.pythonhosted.org/packages/d0/1f/9677deb5b2768ca503e5ed8464a28f47a854d415b9d1b84445efa8363ca6/MarkupSafe-2.1.1-cp37-cp37m-musllinux_1_1_i686.whl", hash = "sha256:bcb3ed405ed3222f9904899563d6fc492ff75cce56cba05e32eff40e6acbeaa3"},
    {url = "https://files.pythonhosted.org/packages/d3/4f/9ea1c0a7796f7f81371b40d32aa31766b76fbdba316abf888897042e6e0f/MarkupSafe-2.1.1-cp38-cp38-musllinux_1_1_aarch64.whl", hash = "sha256:6d0072fea50feec76a4c418096652f2c3238eaa014b2f94aeb1d56a66b41403f"},
    {url = "https://files.pythonhosted.org/packages/d9/60/94e9de017674f88a514804e2924bdede9a642aba179d2045214719d6ec76/MarkupSafe-2.1.1-cp310-cp310-macosx_10_9_universal2.whl", hash = "sha256:86b1f75c4e7c2ac2ccdaec2b9022845dbb81880ca318bb7a0a01fbf7813e3812"},
    {url = "https://files.pythonhosted.org/packages/df/06/c515c5bc43b90462e753bc768e6798193c6520c9c7eb2054c7466779a9db/MarkupSafe-2.1.1-cp39-cp39-manylinux_2_17_x86_64.manylinux2014_x86_64.whl", hash = "sha256:56442863ed2b06d19c37f94d999035e15ee982988920e12a5b4ba29b62ad1f77"},
    {url = "https://files.pythonhosted.org/packages/f9/f8/13ffc95bf8a8c98d611b9f9fa5aa88625b9a82fce528e58f1aafba14946b/MarkupSafe-2.1.1-cp37-cp37m-macosx_10_9_x86_64.whl", hash = "sha256:671cd1187ed5e62818414afe79ed29da836dde67166a9fac6d435873c44fdd02"},
    {url = "https://files.pythonhosted.org/packages/fc/e4/78c7607352dd574d524daad079f855757d406d36b919b1864a5a07978390/MarkupSafe-2.1.1-cp310-cp310-musllinux_1_1_x86_64.whl", hash = "sha256:efc1913fd2ca4f334418481c7e595c00aad186563bbc1ec76067848c7ca0a933"},
    {url = "https://files.pythonhosted.org/packages/fd/f4/524d2e8f5a3727cf309c2b7df7c732038375322df1376c9e9ef3aa92fcaf/MarkupSafe-2.1.1-cp38-cp38-manylinux_2_17_x86_64.manylinux2014_x86_64.whl", hash = "sha256:4b9fe39a2ccc108a4accc2676e77da025ce383c108593d65cc909add5c3bd601"},
    {url = "https://files.pythonhosted.org/packages/ff/3a/42262a3aa6415befee33b275b31afbcef4f7f8d2f4380061b226c692ee2a/MarkupSafe-2.1.1-cp310-cp310-manylinux_2_17_aarch64.manylinux2014_aarch64.whl", hash = "sha256:a49907dd8420c5685cfa064a1335b6754b74541bbb3706c259c02ed65b644b3e"},
]
"mypy 1.1.1" = [
    {url = "https://files.pythonhosted.org/packages/2a/28/8485aad67750b3374443d28bad3eed947737cf425a640ea4be4ac70a7827/mypy-1.1.1-cp38-cp38-manylinux_2_17_x86_64.manylinux2014_x86_64.whl", hash = "sha256:ce61663faf7a8e5ec6f456857bfbcec2901fbdb3ad958b778403f63b9e606a1b"},
    {url = "https://files.pythonhosted.org/packages/30/da/808ceaf2bcf23a9e90156c7b11b41add8dd5a009ee48159ec820d04d97bd/mypy-1.1.1-cp39-cp39-manylinux_2_17_x86_64.manylinux2014_x86_64.whl", hash = "sha256:9401e33814cec6aec8c03a9548e9385e0e228fc1b8b0a37b9ea21038e64cdd8a"},
    {url = "https://files.pythonhosted.org/packages/44/9d/d23fa5d12bacbe7beea5fb6315b3325beabbe438e7e14d38c82b71609818/mypy-1.1.1-cp310-cp310-macosx_10_9_x86_64.whl", hash = "sha256:39c7119335be05630611ee798cc982623b9e8f0cff04a0b48dfc26100e0b97af"},
    {url = "https://files.pythonhosted.org/packages/47/9f/34f6a2254f7d39b8c4349b8ac480c233d37c377faf2c67c6ef925b3af0ab/mypy-1.1.1-cp39-cp39-macosx_11_0_arm64.whl", hash = "sha256:59bbd71e5c58eed2e992ce6523180e03c221dcd92b52f0e792f291d67b15a71c"},
    {url = "https://files.pythonhosted.org/packages/61/99/4a844dcacbc4990a8312236bf74a55910ee9a05db69dee7d6fb7a7ffe6c2/mypy-1.1.1-cp310-cp310-manylinux_2_17_x86_64.manylinux2014_x86_64.whl", hash = "sha256:dbb19c9f662e41e474e0cff502b7064a7edc6764f5262b6cd91d698163196799"},
    {url = "https://files.pythonhosted.org/packages/62/54/be80f8d01f5cf72f774a77f9f750527a6fa733f09f78b1da30e8fa3914e6/mypy-1.1.1.tar.gz", hash = "sha256:ae9ceae0f5b9059f33dbc62dea087e942c0ccab4b7a003719cb70f9b8abfa32f"},
    {url = "https://files.pythonhosted.org/packages/64/63/6a04ca7a8b7f34811cada43ed6119736a7f4a07c5e1cbd8eec0e0f4962d5/mypy-1.1.1-cp311-cp311-musllinux_1_1_x86_64.whl", hash = "sha256:d809f88734f44a0d44959d795b1e6f64b2bbe0ea4d9cc4776aa588bb4229fc1c"},
    {url = "https://files.pythonhosted.org/packages/65/cc/ae5032abc06949e7a8c68f9885883fdb745c96bcf137cd4fa7225d50b647/mypy-1.1.1-cp38-cp38-win_amd64.whl", hash = "sha256:2888ce4fe5aae5a673386fa232473014056967f3904f5abfcf6367b5af1f612a"},
    {url = "https://files.pythonhosted.org/packages/67/d3/1323311369eae97da4c7f47f266c55f7bdc22e74e4e2e1691be511ab8a91/mypy-1.1.1-cp39-cp39-win_amd64.whl", hash = "sha256:69b35d1dcb5707382810765ed34da9db47e7f95b3528334a3c999b0c90fe523f"},
    {url = "https://files.pythonhosted.org/packages/7e/32/1b161731d19580c55d3d7c04b8ace80dc7cf42d852adf750f348a485068f/mypy-1.1.1-cp37-cp37m-macosx_10_9_x86_64.whl", hash = "sha256:b7c7b708fe9a871a96626d61912e3f4ddd365bf7f39128362bc50cbd74a634d5"},
    {url = "https://files.pythonhosted.org/packages/8a/fd/b610256224e01da4c4f315d11f62d39d815e97439a58d49d60aa4f55a60b/mypy-1.1.1-cp310-cp310-macosx_11_0_arm64.whl", hash = "sha256:61bf08362e93b6b12fad3eab68c4ea903a077b87c90ac06c11e3d7a09b56b9c1"},
    {url = "https://files.pythonhosted.org/packages/8c/3d/a8d518bb06952484ada20897878a7a14741536f43514dcfecfac0676aa01/mypy-1.1.1-cp37-cp37m-manylinux_2_17_x86_64.manylinux2014_x86_64.whl", hash = "sha256:c1c10fa12df1232c936830839e2e935d090fc9ee315744ac33b8a32216b93707"},
    {url = "https://files.pythonhosted.org/packages/91/63/55d0e62829f739f47978f1d8eb965ca8c40261841e47491ad297c84921c5/mypy-1.1.1-cp310-cp310-win_amd64.whl", hash = "sha256:5cb14ff9919b7df3538590fc4d4c49a0f84392237cbf5f7a816b4161c061829e"},
    {url = "https://files.pythonhosted.org/packages/a4/0b/3a30f50287e42a4230320fa2eac25eb3017d38a7c31f083d407ab627607c/mypy-1.1.1-py3-none-any.whl", hash = "sha256:4e4e8b362cdf99ba00c2b218036002bdcdf1e0de085cdb296a49df03fb31dfc4"},
    {url = "https://files.pythonhosted.org/packages/b8/06/3d72d1b316ceec347874c4285fad8bf17e3fb21bb7848c1a942df239e44a/mypy-1.1.1-cp38-cp38-macosx_10_9_x86_64.whl", hash = "sha256:d64c28e03ce40d5303450f547e07418c64c241669ab20610f273c9e6290b4b0b"},
    {url = "https://files.pythonhosted.org/packages/b8/72/385f3aeaaf262325454ac7f569eb81ac623464871df23d9778c864d04c6c/mypy-1.1.1-cp39-cp39-macosx_10_9_x86_64.whl", hash = "sha256:19ba15f9627a5723e522d007fe708007bae52b93faab00f95d72f03e1afa9598"},
    {url = "https://files.pythonhosted.org/packages/b9/e5/71eef5239219ee2f4d85e2ca6368d736705a3b874023b57f7237b977839c/mypy-1.1.1-cp311-cp311-macosx_11_0_arm64.whl", hash = "sha256:5b5f81b40d94c785f288948c16e1f2da37203c6006546c5d947aab6f90aefef2"},
    {url = "https://files.pythonhosted.org/packages/be/d5/5588a2ee0d77189626a57b555b6b006dda6d5b0083f16c6be0c2d761cd7b/mypy-1.1.1-cp39-cp39-musllinux_1_1_x86_64.whl", hash = "sha256:4b398d8b1f4fba0e3c6463e02f8ad3346f71956b92287af22c9b12c3ec965a9f"},
    {url = "https://files.pythonhosted.org/packages/bf/2d/45a526f248719ee32ecf1261564247a2e717a9c6167de5eb67d53599c4df/mypy-1.1.1-cp311-cp311-manylinux_2_17_x86_64.manylinux2014_x86_64.whl", hash = "sha256:21b437be1c02712a605591e1ed1d858aba681757a1e55fe678a15c2244cd68a5"},
    {url = "https://files.pythonhosted.org/packages/c0/d6/17ba6f8749722b8f61c6ab680769658f0bc63c293556149e2bf400b1f1a2/mypy-1.1.1-cp310-cp310-musllinux_1_1_x86_64.whl", hash = "sha256:315ac73cc1cce4771c27d426b7ea558fb4e2836f89cb0296cbe056894e3a1f78"},
    {url = "https://files.pythonhosted.org/packages/d3/35/a0892864f1c128dc6449ee69897f9db7a64de2c16f41c14640dd22251b1b/mypy-1.1.1-cp37-cp37m-musllinux_1_1_x86_64.whl", hash = "sha256:0a28a76785bf57655a8ea5eb0540a15b0e781c807b5aa798bd463779988fa1d5"},
    {url = "https://files.pythonhosted.org/packages/d9/ab/d6d3884c3f432898458e2ade712988a7d1da562c1a363f2003b31677acd8/mypy-1.1.1-cp311-cp311-macosx_10_9_x86_64.whl", hash = "sha256:26cdd6a22b9b40b2fd71881a8a4f34b4d7914c679f154f43385ca878a8297389"},
    {url = "https://files.pythonhosted.org/packages/e1/a6/331cff5f7476904a2ebe6ed7cee2310b6be583ff6d45609ea0e0d67fd39d/mypy-1.1.1-cp38-cp38-macosx_11_0_arm64.whl", hash = "sha256:64cc3afb3e9e71a79d06e3ed24bb508a6d66f782aff7e56f628bf35ba2e0ba51"},
    {url = "https://files.pythonhosted.org/packages/ed/89/85a04f32135fe4e35fd59d47100c939c7425fcb29868894c4b7a6171e065/mypy-1.1.1-cp311-cp311-win_amd64.whl", hash = "sha256:a380c041db500e1410bb5b16b3c1c35e61e773a5c3517926b81dfdab7582be54"},
    {url = "https://files.pythonhosted.org/packages/f5/35/da01ef5831ceaf99a673e018d06ff1622ec460e4164b5e900ddaeceb52e1/mypy-1.1.1-cp37-cp37m-win_amd64.whl", hash = "sha256:ef6a01e563ec6a4940784c574d33f6ac1943864634517984471642908b30b6f7"},
    {url = "https://files.pythonhosted.org/packages/f6/57/93e676773f91141127329a56e2238eac506a78f6fb0ae0650a53fcc1355d/mypy-1.1.1-cp38-cp38-musllinux_1_1_x86_64.whl", hash = "sha256:2b0c373d071593deefbcdd87ec8db91ea13bd8f1328d44947e88beae21e8d5e9"},
]
"mypy-extensions 1.0.0" = [
    {url = "https://files.pythonhosted.org/packages/2a/e2/5d3f6ada4297caebe1a2add3b126fe800c96f56dbe5d1988a2cbe0b267aa/mypy_extensions-1.0.0-py3-none-any.whl", hash = "sha256:4392f6c0eb8a5668a69e23d168ffa70f0be9ccfd32b5cc2d26a34ae5b844552d"},
    {url = "https://files.pythonhosted.org/packages/98/a4/1ab47638b92648243faf97a5aeb6ea83059cc3624972ab6b8d2316078d3f/mypy_extensions-1.0.0.tar.gz", hash = "sha256:75dbf8955dc00442a438fc4d0666508a9a97b6bd41aa2f0ffe9d2f2725af0782"},
]
"packaging 22.0" = [
    {url = "https://files.pythonhosted.org/packages/6b/f7/c240d7654ddd2d2f3f328d8468d4f1f876865f6b9038b146bec0a6737c65/packaging-22.0.tar.gz", hash = "sha256:2198ec20bd4c017b8f9717e00f0c8714076fc2fd93816750ab48e2c41de2cfd3"},
    {url = "https://files.pythonhosted.org/packages/8f/7b/42582927d281d7cb035609cd3a543ffac89b74f3f4ee8e1c50914bcb57eb/packaging-22.0-py3-none-any.whl", hash = "sha256:957e2148ba0e1a3b282772e791ef1d8083648bc131c8ab0c1feba110ce1146c3"},
]
"pluggy 1.0.0" = [
    {url = "https://files.pythonhosted.org/packages/9e/01/f38e2ff29715251cf25532b9082a1589ab7e4f571ced434f98d0139336dc/pluggy-1.0.0-py2.py3-none-any.whl", hash = "sha256:74134bbf457f031a36d68416e1509f34bd5ccc019f0bcc952c7b909d06b37bd3"},
    {url = "https://files.pythonhosted.org/packages/a1/16/db2d7de3474b6e37cbb9c008965ee63835bba517e22cdb8c35b5116b5ce1/pluggy-1.0.0.tar.gz", hash = "sha256:4224373bacce55f955a878bf9cfa763c1e360858e330072059e10bad68531159"},
]
"py-cpuinfo 9.0.0" = [
    {url = "https://files.pythonhosted.org/packages/37/a8/d832f7293ebb21690860d2e01d8115e5ff6f2ae8bbdc953f0eb0fa4bd2c7/py-cpuinfo-9.0.0.tar.gz", hash = "sha256:3cdbbf3fac90dc6f118bfd64384f309edeadd902d7c8fb17f02ffa1fc3f49690"},
    {url = "https://files.pythonhosted.org/packages/e0/a9/023730ba63db1e494a271cb018dcd361bd2c917ba7004c3e49d5daf795a2/py_cpuinfo-9.0.0-py3-none-any.whl", hash = "sha256:859625bc251f64e21f077d099d4162689c762b5d6a4c3c97553d56241c9674d5"},
]
"pytest 7.2.2" = [
    {url = "https://files.pythonhosted.org/packages/b2/68/5321b5793bd506961bd40bdbdd0674e7de4fb873ee7cab33dd27283ad513/pytest-7.2.2-py3-none-any.whl", hash = "sha256:130328f552dcfac0b1cec75c12e3f005619dc5f874f0a06e8ff7263f0ee6225e"},
    {url = "https://files.pythonhosted.org/packages/b9/29/311895d9cd3f003dd58e8fdea36dd895ba2da5c0c90601836f7de79f76fe/pytest-7.2.2.tar.gz", hash = "sha256:c99ab0c73aceb050f68929bc93af19ab6db0558791c6a0715723abe9d0ade9d4"},
]
"pytest-benchmark 4.0.0" = [
    {url = "https://files.pythonhosted.org/packages/28/08/e6b0067efa9a1f2a1eb3043ecd8a0c48bfeb60d3255006dcc829d72d5da2/pytest-benchmark-4.0.0.tar.gz", hash = "sha256:fb0785b83efe599a6a956361c0691ae1dbb5318018561af10f3e915caa0048d1"},
    {url = "https://files.pythonhosted.org/packages/4d/a1/3b70862b5b3f830f0422844f25a823d0470739d994466be9dbbbb414d85a/pytest_benchmark-4.0.0-py3-none-any.whl", hash = "sha256:fdb7db64e31c8b277dff9850d2a2556d8b60bcb0ea6524e36e28ffd7c87f71d6"},
]
"pytest-cov 4.0.0" = [
    {url = "https://files.pythonhosted.org/packages/ea/70/da97fd5f6270c7d2ce07559a19e5bf36a76f0af21500256f005a69d9beba/pytest-cov-4.0.0.tar.gz", hash = "sha256:996b79efde6433cdbd0088872dbc5fb3ed7fe1578b68cdbba634f14bb8dd0470"},
    {url = "https://files.pythonhosted.org/packages/fe/1f/9ec0ddd33bd2b37d6ec50bb39155bca4fe7085fa78b3b434c05459a860e3/pytest_cov-4.0.0-py3-none-any.whl", hash = "sha256:2feb1b751d66a8bd934e5edfa2e961d11309dc37b73b0eabe73b5945fee20f6b"},
]
"stringcase 1.2.0" = [
    {url = "https://files.pythonhosted.org/packages/f3/1f/1241aa3d66e8dc1612427b17885f5fcd9c9ee3079fc0d28e9a3aeeb36fa3/stringcase-1.2.0.tar.gz", hash = "sha256:48a06980661908efe8d9d34eab2b6c13aefa2163b3ced26972902e3bdfd87008"},
]
"tomli 2.0.1" = [
    {url = "https://files.pythonhosted.org/packages/97/75/10a9ebee3fd790d20926a90a2547f0bf78f371b2f13aa822c759680ca7b9/tomli-2.0.1-py3-none-any.whl", hash = "sha256:939de3e7a6161af0c887ef91b7d41a53e7c5a1ca976325f429cb46ea9bc30ecc"},
    {url = "https://files.pythonhosted.org/packages/c0/3f/d7af728f075fb08564c5949a9c95e44352e23dee646869fa104a3b2060a3/tomli-2.0.1.tar.gz", hash = "sha256:de526c12914f0c550d15924c62d72abc48d6fe7364aa87328337a31007fe8a4f"},
]
"typing-extensions 4.4.0" = [
    {url = "https://files.pythonhosted.org/packages/0b/8e/f1a0a5a76cfef77e1eb6004cb49e5f8d72634da638420b9ea492ce8305e8/typing_extensions-4.4.0-py3-none-any.whl", hash = "sha256:16fa4864408f655d35ec496218b85f79b3437c829e93320c7c9215ccfd92489e"},
    {url = "https://files.pythonhosted.org/packages/e3/a7/8f4e456ef0adac43f452efc2d0e4b242ab831297f1bac60ac815d37eb9cf/typing_extensions-4.4.0.tar.gz", hash = "sha256:1511434bb92bf8dd198c12b1cc812e800d4181cfcb867674e0f8279cc93087aa"},
]
